
Microsoft Visual Studio Solution File, Format Version 12.00
# Visual Studio Version 16
VisualStudioVersion = 16.0.30309.148
MinimumVisualStudioVersion = 10.0.40219.1
Project("{FAE04EC0-301F-11D3-BF4B-00C04F79EFBC}") = "DB", "DB\DB.csproj", "{B09F43E2-9044-49CF-8B27-B3CF19DE0ECC}"
EndProject
Project("{FAE04EC0-301F-11D3-BF4B-00C04F79EFBC}") = "DB-Tests", "DB-Tests\DB-Tests.csproj", "{1C4EDD2B-9431-45EE-A65D-DE6784CFBDF3}"
EndProject
Project("{FAE04EC0-301F-11D3-BF4B-00C04F79EFBC}") = "Map", "Map\Map.csproj", "{923FB052-B081-49A0-AC62-1BCEDE05A432}"
EndProject
Project("{FAE04EC0-301F-11D3-BF4B-00C04F79EFBC}") = "GUI", "GUI\GUI.csproj", "{0C047BE3-C53E-4457-8C35-ACB959727787}"
EndProject
Project("{FAE04EC0-301F-11D3-BF4B-00C04F79EFBC}") = "Calculation", "Calculation\Calculation.csproj", "{1980D459-66B9-4C60-9DCF-6B841E974BBB}"
EndProject
Project("{FAE04EC0-301F-11D3-BF4B-00C04F79EFBC}") = "Translation", "Translation\Translation.csproj", "{01F3590F-D18B-4301-A694-A57B20FFFC1C}"
EndProject
Project("{FAE04EC0-301F-11D3-BF4B-00C04F79EFBC}") = "Calculation-Tests", "Calculation-Tests\Calculation-Tests.csproj", "{6F8B3D7F-716B-4A14-8994-FEE8CEB3543B}"
EndProject
Project("{FAE04EC0-301F-11D3-BF4B-00C04F79EFBC}") = "PdfSharp", "PDFsharp-AcroForms\src\PdfSharp\PdfSharp.csproj", "{5A6055BC-BF86-4FDD-9F62-0109DB7A303B}"
EndProject
Project("{FAE04EC0-301F-11D3-BF4B-00C04F79EFBC}") = "Kernel", "Kernel\Kernel.csproj", "{2FE73A4A-8D92-4965-B786-EA1AB65DF891}"
EndProject
Global
	GlobalSection(SolutionConfigurationPlatforms) = preSolution
		Debug|Any CPU = Debug|Any CPU
		Debug|x86 = Debug|x86
		Release|Any CPU = Release|Any CPU
		Release|x86 = Release|x86
	EndGlobalSection
	GlobalSection(ProjectConfigurationPlatforms) = postSolution
		{B09F43E2-9044-49CF-8B27-B3CF19DE0ECC}.Debug|Any CPU.ActiveCfg = Debug|Any CPU
		{B09F43E2-9044-49CF-8B27-B3CF19DE0ECC}.Debug|Any CPU.Build.0 = Debug|Any CPU
		{B09F43E2-9044-49CF-8B27-B3CF19DE0ECC}.Debug|x86.ActiveCfg = Debug|Any CPU
		{B09F43E2-9044-49CF-8B27-B3CF19DE0ECC}.Debug|x86.Build.0 = Debug|Any CPU
		{B09F43E2-9044-49CF-8B27-B3CF19DE0ECC}.Release|Any CPU.ActiveCfg = Release|Any CPU
		{B09F43E2-9044-49CF-8B27-B3CF19DE0ECC}.Release|Any CPU.Build.0 = Release|Any CPU
		{B09F43E2-9044-49CF-8B27-B3CF19DE0ECC}.Release|x86.ActiveCfg = Release|Any CPU
		{B09F43E2-9044-49CF-8B27-B3CF19DE0ECC}.Release|x86.Build.0 = Release|Any CPU
		{1C4EDD2B-9431-45EE-A65D-DE6784CFBDF3}.Debug|Any CPU.ActiveCfg = Debug|Any CPU
		{1C4EDD2B-9431-45EE-A65D-DE6784CFBDF3}.Debug|Any CPU.Build.0 = Debug|Any CPU
		{1C4EDD2B-9431-45EE-A65D-DE6784CFBDF3}.Debug|x86.ActiveCfg = Debug|Any CPU
		{1C4EDD2B-9431-45EE-A65D-DE6784CFBDF3}.Debug|x86.Build.0 = Debug|Any CPU
		{1C4EDD2B-9431-45EE-A65D-DE6784CFBDF3}.Release|Any CPU.ActiveCfg = Release|Any CPU
		{1C4EDD2B-9431-45EE-A65D-DE6784CFBDF3}.Release|Any CPU.Build.0 = Release|Any CPU
		{1C4EDD2B-9431-45EE-A65D-DE6784CFBDF3}.Release|x86.ActiveCfg = Release|Any CPU
		{1C4EDD2B-9431-45EE-A65D-DE6784CFBDF3}.Release|x86.Build.0 = Release|Any CPU
		{923FB052-B081-49A0-AC62-1BCEDE05A432}.Debug|Any CPU.ActiveCfg = Debug|Any CPU
		{923FB052-B081-49A0-AC62-1BCEDE05A432}.Debug|Any CPU.Build.0 = Debug|Any CPU
		{923FB052-B081-49A0-AC62-1BCEDE05A432}.Debug|x86.ActiveCfg = Debug|Any CPU
		{923FB052-B081-49A0-AC62-1BCEDE05A432}.Debug|x86.Build.0 = Debug|Any CPU
		{923FB052-B081-49A0-AC62-1BCEDE05A432}.Release|Any CPU.ActiveCfg = Release|Any CPU
		{923FB052-B081-49A0-AC62-1BCEDE05A432}.Release|Any CPU.Build.0 = Release|Any CPU
		{923FB052-B081-49A0-AC62-1BCEDE05A432}.Release|x86.ActiveCfg = Release|Any CPU
		{923FB052-B081-49A0-AC62-1BCEDE05A432}.Release|x86.Build.0 = Release|Any CPU
		{0C047BE3-C53E-4457-8C35-ACB959727787}.Debug|Any CPU.ActiveCfg = Debug|Any CPU
		{0C047BE3-C53E-4457-8C35-ACB959727787}.Debug|Any CPU.Build.0 = Debug|Any CPU
		{0C047BE3-C53E-4457-8C35-ACB959727787}.Debug|x86.ActiveCfg = Debug|Any CPU
		{0C047BE3-C53E-4457-8C35-ACB959727787}.Debug|x86.Build.0 = Debug|Any CPU
		{0C047BE3-C53E-4457-8C35-ACB959727787}.Release|Any CPU.ActiveCfg = Release|Any CPU
		{0C047BE3-C53E-4457-8C35-ACB959727787}.Release|Any CPU.Build.0 = Release|Any CPU
		{0C047BE3-C53E-4457-8C35-ACB959727787}.Release|x86.ActiveCfg = Release|Any CPU
		{0C047BE3-C53E-4457-8C35-ACB959727787}.Release|x86.Build.0 = Release|Any CPU
		{1980D459-66B9-4C60-9DCF-6B841E974BBB}.Debug|Any CPU.ActiveCfg = Debug|Any CPU
		{1980D459-66B9-4C60-9DCF-6B841E974BBB}.Debug|Any CPU.Build.0 = Debug|Any CPU
		{1980D459-66B9-4C60-9DCF-6B841E974BBB}.Debug|x86.ActiveCfg = Debug|Any CPU
		{1980D459-66B9-4C60-9DCF-6B841E974BBB}.Debug|x86.Build.0 = Debug|Any CPU
		{1980D459-66B9-4C60-9DCF-6B841E974BBB}.Release|Any CPU.ActiveCfg = Release|Any CPU
		{1980D459-66B9-4C60-9DCF-6B841E974BBB}.Release|Any CPU.Build.0 = Release|Any CPU
		{1980D459-66B9-4C60-9DCF-6B841E974BBB}.Release|x86.ActiveCfg = Release|Any CPU
		{1980D459-66B9-4C60-9DCF-6B841E974BBB}.Release|x86.Build.0 = Release|Any CPU
		{01F3590F-D18B-4301-A694-A57B20FFFC1C}.Debug|Any CPU.ActiveCfg = Debug|Any CPU
		{01F3590F-D18B-4301-A694-A57B20FFFC1C}.Debug|Any CPU.Build.0 = Debug|Any CPU
		{01F3590F-D18B-4301-A694-A57B20FFFC1C}.Debug|x86.ActiveCfg = Debug|Any CPU
		{01F3590F-D18B-4301-A694-A57B20FFFC1C}.Debug|x86.Build.0 = Debug|Any CPU
		{01F3590F-D18B-4301-A694-A57B20FFFC1C}.Release|Any CPU.ActiveCfg = Release|Any CPU
		{01F3590F-D18B-4301-A694-A57B20FFFC1C}.Release|Any CPU.Build.0 = Release|Any CPU
		{01F3590F-D18B-4301-A694-A57B20FFFC1C}.Release|x86.ActiveCfg = Release|Any CPU
		{01F3590F-D18B-4301-A694-A57B20FFFC1C}.Release|x86.Build.0 = Release|Any CPU
		{6F8B3D7F-716B-4A14-8994-FEE8CEB3543B}.Debug|Any CPU.ActiveCfg = Debug|Any CPU
		{6F8B3D7F-716B-4A14-8994-FEE8CEB3543B}.Debug|Any CPU.Build.0 = Debug|Any CPU
		{6F8B3D7F-716B-4A14-8994-FEE8CEB3543B}.Debug|x86.ActiveCfg = Debug|Any CPU
		{6F8B3D7F-716B-4A14-8994-FEE8CEB3543B}.Debug|x86.Build.0 = Debug|Any CPU
		{6F8B3D7F-716B-4A14-8994-FEE8CEB3543B}.Release|Any CPU.ActiveCfg = Release|Any CPU
		{6F8B3D7F-716B-4A14-8994-FEE8CEB3543B}.Release|Any CPU.Build.0 = Release|Any CPU
		{6F8B3D7F-716B-4A14-8994-FEE8CEB3543B}.Release|x86.ActiveCfg = Release|Any CPU
		{6F8B3D7F-716B-4A14-8994-FEE8CEB3543B}.Release|x86.Build.0 = Release|Any CPU
		{5A6055BC-BF86-4FDD-9F62-0109DB7A303B}.Debug|Any CPU.ActiveCfg = Debug|Any CPU
		{5A6055BC-BF86-4FDD-9F62-0109DB7A303B}.Debug|Any CPU.Build.0 = Debug|Any CPU
		{5A6055BC-BF86-4FDD-9F62-0109DB7A303B}.Debug|x86.ActiveCfg = Debug|Any CPU
		{5A6055BC-BF86-4FDD-9F62-0109DB7A303B}.Debug|x86.Build.0 = Debug|Any CPU
		{5A6055BC-BF86-4FDD-9F62-0109DB7A303B}.Release|Any CPU.ActiveCfg = Release|Any CPU
		{5A6055BC-BF86-4FDD-9F62-0109DB7A303B}.Release|Any CPU.Build.0 = Release|Any CPU
		{5A6055BC-BF86-4FDD-9F62-0109DB7A303B}.Release|x86.ActiveCfg = Release|Any CPU
		{5A6055BC-BF86-4FDD-9F62-0109DB7A303B}.Release|x86.Build.0 = Release|Any CPU
		{2FE73A4A-8D92-4965-B786-EA1AB65DF891}.Debug|Any CPU.ActiveCfg = Debug|Any CPU
		{2FE73A4A-8D92-4965-B786-EA1AB65DF891}.Debug|Any CPU.Build.0 = Debug|Any CPU
		{2FE73A4A-8D92-4965-B786-EA1AB65DF891}.Debug|x86.ActiveCfg = Debug|Any CPU
		{2FE73A4A-8D92-4965-B786-EA1AB65DF891}.Debug|x86.Build.0 = Debug|Any CPU
		{2FE73A4A-8D92-4965-B786-EA1AB65DF891}.Release|Any CPU.ActiveCfg = Release|Any CPU
		{2FE73A4A-8D92-4965-B786-EA1AB65DF891}.Release|Any CPU.Build.0 = Release|Any CPU
		{2FE73A4A-8D92-4965-B786-EA1AB65DF891}.Release|x86.ActiveCfg = Release|Any CPU
		{2FE73A4A-8D92-4965-B786-EA1AB65DF891}.Release|x86.Build.0 = Release|Any CPU
	EndGlobalSection
	GlobalSection(SolutionProperties) = preSolution
		HideSolutionNode = FALSE
	EndGlobalSection
	GlobalSection(ExtensibilityGlobals) = postSolution
		RESX_PrefixTranslations = False
		SolutionGuid = {733459E5-7DB6-4335-A876-4531E9FFE6C4}
	EndGlobalSection
EndGlobal
